// !$*UTF8*$!
{
	archiveVersion = 1;
	classes = {
	};
	objectVersion = 50;
	objects = {

/* Begin PBXBuildFile section */
		A5C5BF892157006A004F2049 /* AppDelegate.swift in Sources */ = {isa = PBXBuildFile; fileRef = A5C5BF882157006A004F2049 /* AppDelegate.swift */; };
		A5C5BF9021570070004F2049 /* Assets.xcassets in Resources */ = {isa = PBXBuildFile; fileRef = A5C5BF8F21570070004F2049 /* Assets.xcassets */; };
		A5C5BFA421570159004F2049 /* SegmentConstolViewController.swift in Sources */ = {isa = PBXBuildFile; fileRef = A5C5BFA221570159004F2049 /* SegmentConstolViewController.swift */; };
		A5C5BFA521570159004F2049 /* SegmentConstolViewController.xib in Resources */ = {isa = PBXBuildFile; fileRef = A5C5BFA321570159004F2049 /* SegmentConstolViewController.xib */; };
		A5C5BFA7215701CA004F2049 /* PSegmentConstolViewModel.swift in Sources */ = {isa = PBXBuildFile; fileRef = A5C5BFA6215701CA004F2049 /* PSegmentConstolViewModel.swift */; };
		A5C5BFAC21570337004F2049 /* Router.swift in Sources */ = {isa = PBXBuildFile; fileRef = A5C5BFAB21570337004F2049 /* Router.swift */; };
		A5C5BFAE2157041C004F2049 /* SegmentConstolViewModel.swift in Sources */ = {isa = PBXBuildFile; fileRef = A5C5BFAD2157041C004F2049 /* SegmentConstolViewModel.swift */; };
		A5C5BFB6215713B9004F2049 /* LaunchScreen.storyboard in Resources */ = {isa = PBXBuildFile; fileRef = A5C5BFB8215713B9004F2049 /* LaunchScreen.storyboard */; };
		A5C5BFBA215713EB004F2049 /* Localizable.strings in Resources */ = {isa = PBXBuildFile; fileRef = A5C5BFBC215713EB004F2049 /* Localizable.strings */; };
		A5C5BFBF215A5C14004F2049 /* SegmentConstolModel.swift in Sources */ = {isa = PBXBuildFile; fileRef = A5C5BFBE215A5C14004F2049 /* SegmentConstolModel.swift */; };
		A5C5BFC1215A8BCA004F2049 /* StyleGuid.swift in Sources */ = {isa = PBXBuildFile; fileRef = A5C5BFC0215A8BCA004F2049 /* StyleGuid.swift */; };
		A5E0CAB4215BC33A002B33CF /* GreenViewController.swift in Sources */ = {isa = PBXBuildFile; fileRef = A5E0CAB2215BC33A002B33CF /* GreenViewController.swift */; };
		A5E0CAB5215BC33A002B33CF /* GreenViewController.xib in Resources */ = {isa = PBXBuildFile; fileRef = A5E0CAB3215BC33A002B33CF /* GreenViewController.xib */; };
		A5E0CAB8215BC360002B33CF /* YellowViewController.swift in Sources */ = {isa = PBXBuildFile; fileRef = A5E0CAB6215BC360002B33CF /* YellowViewController.swift */; };
		A5E0CAB9215BC360002B33CF /* YellowViewController.xib in Resources */ = {isa = PBXBuildFile; fileRef = A5E0CAB7215BC360002B33CF /* YellowViewController.xib */; };
		A5E0CABC215BC378002B33CF /* RedViewController.swift in Sources */ = {isa = PBXBuildFile; fileRef = A5E0CABA215BC378002B33CF /* RedViewController.swift */; };
		A5E0CABD215BC378002B33CF /* RedViewController.xib in Resources */ = {isa = PBXBuildFile; fileRef = A5E0CABB215BC378002B33CF /* RedViewController.xib */; };
		A5E0CABF215BCBED002B33CF /* PGreenViewModel.swift in Sources */ = {isa = PBXBuildFile; fileRef = A5E0CABE215BCBED002B33CF /* PGreenViewModel.swift */; };
		A5E0CAC1215BCC05002B33CF /* PYellowViewModel.swift in Sources */ = {isa = PBXBuildFile; fileRef = A5E0CAC0215BCC05002B33CF /* PYellowViewModel.swift */; };
		A5E0CAC3215BCC1A002B33CF /* PRedViewModel.swift in Sources */ = {isa = PBXBuildFile; fileRef = A5E0CAC2215BCC1A002B33CF /* PRedViewModel.swift */; };
		A5E0CAC5215BD882002B33CF /* YellowViewModel.swift in Sources */ = {isa = PBXBuildFile; fileRef = A5E0CAC4215BD882002B33CF /* YellowViewModel.swift */; };
		A5E0CAC7215BDD1A002B33CF /* RedViewModel.swift in Sources */ = {isa = PBXBuildFile; fileRef = A5E0CAC6215BDD1A002B33CF /* RedViewModel.swift */; };
		A5E0CAC9215BE139002B33CF /* GreenViewModel.swift in Sources */ = {isa = PBXBuildFile; fileRef = A5E0CAC8215BE139002B33CF /* GreenViewModel.swift */; };
/* End PBXBuildFile section */

/* Begin PBXFileReference section */
		A5C5BF852157006A004F2049 /* MVVMRExample.app */ = {isa = PBXFileReference; explicitFileType = wrapper.application; includeInIndex = 0; path = MVVMRExample.app; sourceTree = BUILT_PRODUCTS_DIR; };
		A5C5BF882157006A004F2049 /* AppDelegate.swift */ = {isa = PBXFileReference; lastKnownFileType = sourcecode.swift; path = AppDelegate.swift; sourceTree = "<group>"; };
		A5C5BF8F21570070004F2049 /* Assets.xcassets */ = {isa = PBXFileReference; lastKnownFileType = folder.assetcatalog; path = Assets.xcassets; sourceTree = "<group>"; };
		A5C5BF9421570070004F2049 /* Info.plist */ = {isa = PBXFileReference; lastKnownFileType = text.plist.xml; name = Info.plist; path = MVVMRExample/Info.plist; sourceTree = "<group>"; };
		A5C5BFA221570159004F2049 /* SegmentConstolViewController.swift */ = {isa = PBXFileReference; lastKnownFileType = sourcecode.swift; path = SegmentConstolViewController.swift; sourceTree = "<group>"; };
		A5C5BFA321570159004F2049 /* SegmentConstolViewController.xib */ = {isa = PBXFileReference; lastKnownFileType = file.xib; path = SegmentConstolViewController.xib; sourceTree = "<group>"; };
		A5C5BFA6215701CA004F2049 /* PSegmentConstolViewModel.swift */ = {isa = PBXFileReference; lastKnownFileType = sourcecode.swift; path = PSegmentConstolViewModel.swift; sourceTree = "<group>"; };
		A5C5BFAB21570337004F2049 /* Router.swift */ = {isa = PBXFileReference; lastKnownFileType = sourcecode.swift; path = Router.swift; sourceTree = "<group>"; };
		A5C5BFAD2157041C004F2049 /* SegmentConstolViewModel.swift */ = {isa = PBXFileReference; lastKnownFileType = sourcecode.swift; path = SegmentConstolViewModel.swift; sourceTree = "<group>"; };
		A5C5BFB7215713B9004F2049 /* en */ = {isa = PBXFileReference; lastKnownFileType = file.storyboard; name = en; path = en.lproj/LaunchScreen.storyboard; sourceTree = "<group>"; };
		A5C5BFB9215713CD004F2049 /* ru */ = {isa = PBXFileReference; lastKnownFileType = file.storyboard; name = ru; path = ru.lproj/LaunchScreen.storyboard; sourceTree = "<group>"; };
		A5C5BFBB215713EB004F2049 /* en */ = {isa = PBXFileReference; lastKnownFileType = text.plist.strings; name = en; path = en.lproj/Localizable.strings; sourceTree = "<group>"; };
		A5C5BFBD215713EF004F2049 /* ru */ = {isa = PBXFileReference; lastKnownFileType = text.plist.strings; name = ru; path = ru.lproj/Localizable.strings; sourceTree = "<group>"; };
		A5C5BFBE215A5C14004F2049 /* SegmentConstolModel.swift */ = {isa = PBXFileReference; lastKnownFileType = sourcecode.swift; path = SegmentConstolModel.swift; sourceTree = "<group>"; };
		A5C5BFC0215A8BCA004F2049 /* StyleGuid.swift */ = {isa = PBXFileReference; lastKnownFileType = sourcecode.swift; path = StyleGuid.swift; sourceTree = "<group>"; };
		A5E0CAB2215BC33A002B33CF /* GreenViewController.swift */ = {isa = PBXFileReference; lastKnownFileType = sourcecode.swift; path = GreenViewController.swift; sourceTree = "<group>"; };
		A5E0CAB3215BC33A002B33CF /* GreenViewController.xib */ = {isa = PBXFileReference; lastKnownFileType = file.xib; path = GreenViewController.xib; sourceTree = "<group>"; };
		A5E0CAB6215BC360002B33CF /* YellowViewController.swift */ = {isa = PBXFileReference; lastKnownFileType = sourcecode.swift; path = YellowViewController.swift; sourceTree = "<group>"; };
		A5E0CAB7215BC360002B33CF /* YellowViewController.xib */ = {isa = PBXFileReference; lastKnownFileType = file.xib; path = YellowViewController.xib; sourceTree = "<group>"; };
		A5E0CABA215BC378002B33CF /* RedViewController.swift */ = {isa = PBXFileReference; lastKnownFileType = sourcecode.swift; path = RedViewController.swift; sourceTree = "<group>"; };
		A5E0CABB215BC378002B33CF /* RedViewController.xib */ = {isa = PBXFileReference; lastKnownFileType = file.xib; path = RedViewController.xib; sourceTree = "<group>"; };
		A5E0CABE215BCBED002B33CF /* PGreenViewModel.swift */ = {isa = PBXFileReference; lastKnownFileType = sourcecode.swift; path = PGreenViewModel.swift; sourceTree = "<group>"; };
		A5E0CAC0215BCC05002B33CF /* PYellowViewModel.swift */ = {isa = PBXFileReference; lastKnownFileType = sourcecode.swift; path = PYellowViewModel.swift; sourceTree = "<group>"; };
		A5E0CAC2215BCC1A002B33CF /* PRedViewModel.swift */ = {isa = PBXFileReference; lastKnownFileType = sourcecode.swift; path = PRedViewModel.swift; sourceTree = "<group>"; };
		A5E0CAC4215BD882002B33CF /* YellowViewModel.swift */ = {isa = PBXFileReference; lastKnownFileType = sourcecode.swift; path = YellowViewModel.swift; sourceTree = "<group>"; };
		A5E0CAC6215BDD1A002B33CF /* RedViewModel.swift */ = {isa = PBXFileReference; lastKnownFileType = sourcecode.swift; path = RedViewModel.swift; sourceTree = "<group>"; };
		A5E0CAC8215BE139002B33CF /* GreenViewModel.swift */ = {isa = PBXFileReference; lastKnownFileType = sourcecode.swift; path = GreenViewModel.swift; sourceTree = "<group>"; };
/* End PBXFileReference section */

/* Begin PBXFrameworksBuildPhase section */
		A5C5BF822157006A004F2049 /* Frameworks */ = {
			isa = PBXFrameworksBuildPhase;
			buildActionMask = 2147483647;
			files = (
			);
			runOnlyForDeploymentPostprocessing = 0;
		};
/* End PBXFrameworksBuildPhase section */

/* Begin PBXGroup section */
		A5C5BF7C2157006A004F2049 = {
			isa = PBXGroup;
			children = (
				A5C5BF872157006A004F2049 /* MVVMRExample */,
				A5C5BF9421570070004F2049 /* Info.plist */,
				A5C5BF862157006A004F2049 /* Products */,
			);
			sourceTree = "<group>";
		};
		A5C5BF862157006A004F2049 /* Products */ = {
			isa = PBXGroup;
			children = (
				A5C5BF852157006A004F2049 /* MVVMRExample.app */,
			);
			name = Products;
			sourceTree = "<group>";
		};
		A5C5BF872157006A004F2049 /* MVVMRExample */ = {
			isa = PBXGroup;
			children = (
				A5C5BFAF21571188004F2049 /* Supporting Files */,
				A5C5BF9B215700C8004F2049 /* CORE */,
				A5C5BF9A215700C2004F2049 /* UI */,
			);
			path = MVVMRExample;
			sourceTree = "<group>";
		};
		A5C5BF9A215700C2004F2049 /* UI */ = {
			isa = PBXGroup;
			children = (
				A5C5BF9C215700CF004F2049 /* Screens */,
			);
			path = UI;
			sourceTree = "<group>";
		};
		A5C5BF9B215700C8004F2049 /* CORE */ = {
			isa = PBXGroup;
			children = (
				A5C5BFAB21570337004F2049 /* Router.swift */,
				A5C5BFC0215A8BCA004F2049 /* StyleGuid.swift */,
			);
			path = CORE;
			sourceTree = "<group>";
		};
		A5C5BF9C215700CF004F2049 /* Screens */ = {
			isa = PBXGroup;
			children = (
				A5C5BF9D215700DD004F2049 /* Segment */,
			);
			path = Screens;
			sourceTree = "<group>";
		};
		A5C5BF9D215700DD004F2049 /* Segment */ = {
			isa = PBXGroup;
			children = (
				A5E0CAA8215BC260002B33CF /* RedScreen */,
				A5E0CAA7215BC257002B33CF /* YellowScreen */,
				A5E0CAA6215BC23E002B33CF /* GreenScreen */,
				A5C5BF9E21570101004F2049 /* SegmentControlScreen */,
			);
			path = Segment;
			sourceTree = "<group>";
		};
		A5C5BF9E21570101004F2049 /* SegmentControlScreen */ = {
			isa = PBXGroup;
			children = (
				A5C5BF9F21570115004F2049 /* Model */,
				A5C5BFA121570125004F2049 /* ViewModel */,
				A5C5BFA02157011C004F2049 /* View */,
			);
			path = SegmentControlScreen;
			sourceTree = "<group>";
		};
		A5C5BF9F21570115004F2049 /* Model */ = {
			isa = PBXGroup;
			children = (
				A5C5BFBE215A5C14004F2049 /* SegmentConstolModel.swift */,
			);
			path = Model;
			sourceTree = "<group>";
		};
		A5C5BFA02157011C004F2049 /* View */ = {
			isa = PBXGroup;
			children = (
				A5C5BFA221570159004F2049 /* SegmentConstolViewController.swift */,
				A5C5BFA321570159004F2049 /* SegmentConstolViewController.xib */,
			);
			path = View;
			sourceTree = "<group>";
		};
		A5C5BFA121570125004F2049 /* ViewModel */ = {
			isa = PBXGroup;
			children = (
				A5C5BFA6215701CA004F2049 /* PSegmentConstolViewModel.swift */,
				A5C5BFAD2157041C004F2049 /* SegmentConstolViewModel.swift */,
			);
			path = ViewModel;
			sourceTree = "<group>";
		};
		A5C5BFAF21571188004F2049 /* Supporting Files */ = {
			isa = PBXGroup;
			children = (
				A5C5BF8F21570070004F2049 /* Assets.xcassets */,
				A5C5BF882157006A004F2049 /* AppDelegate.swift */,
				A5C5BFBC215713EB004F2049 /* Localizable.strings */,
				A5C5BFB8215713B9004F2049 /* LaunchScreen.storyboard */,
			);
			path = "Supporting Files";
			sourceTree = "<group>";
		};
		A5E0CAA6215BC23E002B33CF /* GreenScreen */ = {
			isa = PBXGroup;
			children = (
				A5E0CAAA215BC281002B33CF /* ViewModel */,
				A5E0CAA9215BC278002B33CF /* View */,
			);
			path = GreenScreen;
			sourceTree = "<group>";
		};
		A5E0CAA7215BC257002B33CF /* YellowScreen */ = {
			isa = PBXGroup;
			children = (
				A5E0CAAD215BC2C7002B33CF /* ViewModel */,
				A5E0CAAC215BC2C1002B33CF /* View */,
			);
			path = YellowScreen;
			sourceTree = "<group>";
		};
		A5E0CAA8215BC260002B33CF /* RedScreen */ = {
			isa = PBXGroup;
			children = (
				A5E0CAB0215BC2DB002B33CF /* ViewModel */,
				A5E0CAAF215BC2D6002B33CF /* View */,
			);
			path = RedScreen;
			sourceTree = "<group>";
		};
		A5E0CAA9215BC278002B33CF /* View */ = {
			isa = PBXGroup;
			children = (
				A5E0CAB2215BC33A002B33CF /* GreenViewController.swift */,
				A5E0CAB3215BC33A002B33CF /* GreenViewController.xib */,
			);
			path = View;
			sourceTree = "<group>";
		};
		A5E0CAAA215BC281002B33CF /* ViewModel */ = {
			isa = PBXGroup;
			children = (
				A5E0CABE215BCBED002B33CF /* PGreenViewModel.swift */,
				A5E0CAC8215BE139002B33CF /* GreenViewModel.swift */,
			);
			path = ViewModel;
			sourceTree = "<group>";
		};
		A5E0CAAC215BC2C1002B33CF /* View */ = {
			isa = PBXGroup;
			children = (
				A5E0CAB6215BC360002B33CF /* YellowViewController.swift */,
				A5E0CAB7215BC360002B33CF /* YellowViewController.xib */,
			);
			path = View;
			sourceTree = "<group>";
		};
		A5E0CAAD215BC2C7002B33CF /* ViewModel */ = {
			isa = PBXGroup;
			children = (
				A5E0CAC0215BCC05002B33CF /* PYellowViewModel.swift */,
				A5E0CAC4215BD882002B33CF /* YellowViewModel.swift */,
			);
			path = ViewModel;
			sourceTree = "<group>";
		};
		A5E0CAAF215BC2D6002B33CF /* View */ = {
			isa = PBXGroup;
			children = (
				A5E0CABA215BC378002B33CF /* RedViewController.swift */,
				A5E0CABB215BC378002B33CF /* RedViewController.xib */,
			);
			path = View;
			sourceTree = "<group>";
		};
		A5E0CAB0215BC2DB002B33CF /* ViewModel */ = {
			isa = PBXGroup;
			children = (
				A5E0CAC2215BCC1A002B33CF /* PRedViewModel.swift */,
				A5E0CAC6215BDD1A002B33CF /* RedViewModel.swift */,
			);
			path = ViewModel;
			sourceTree = "<group>";
		};
/* End PBXGroup section */

/* Begin PBXNativeTarget section */
		A5C5BF842157006A004F2049 /* MVVMRExample */ = {
			isa = PBXNativeTarget;
			buildConfigurationList = A5C5BF9721570070004F2049 /* Build configuration list for PBXNativeTarget "MVVMRExample" */;
			buildPhases = (
				A5C5BF812157006A004F2049 /* Sources */,
				A5C5BF822157006A004F2049 /* Frameworks */,
				A5C5BF832157006A004F2049 /* Resources */,
			);
			buildRules = (
			);
			dependencies = (
			);
			name = MVVMRExample;
			productName = MVVMRExample;
			productReference = A5C5BF852157006A004F2049 /* MVVMRExample.app */;
			productType = "com.apple.product-type.application";
		};
/* End PBXNativeTarget section */

/* Begin PBXProject section */
		A5C5BF7D2157006A004F2049 /* Project object */ = {
			isa = PBXProject;
			attributes = {
				LastSwiftUpdateCheck = 1000;
				LastUpgradeCheck = 1000;
				ORGANIZATIONNAME = Sergey;
				TargetAttributes = {
					A5C5BF842157006A004F2049 = {
						CreatedOnToolsVersion = 10.0;
					};
				};
			};
			buildConfigurationList = A5C5BF802157006A004F2049 /* Build configuration list for PBXProject "MVVMRExample" */;
			compatibilityVersion = "Xcode 9.3";
			developmentRegion = en;
			hasScannedForEncodings = 0;
			knownRegions = (
				en,
				Base,
				ru,
			);
			mainGroup = A5C5BF7C2157006A004F2049;
			productRefGroup = A5C5BF862157006A004F2049 /* Products */;
			projectDirPath = "";
			projectRoot = "";
			targets = (
				A5C5BF842157006A004F2049 /* MVVMRExample */,
			);
		};
/* End PBXProject section */

/* Begin PBXResourcesBuildPhase section */
		A5C5BF832157006A004F2049 /* Resources */ = {
			isa = PBXResourcesBuildPhase;
			buildActionMask = 2147483647;
			files = (
				A5C5BFBA215713EB004F2049 /* Localizable.strings in Resources */,
				A5E0CAB5215BC33A002B33CF /* GreenViewController.xib in Resources */,
				A5C5BFB6215713B9004F2049 /* LaunchScreen.storyboard in Resources */,
				A5E0CABD215BC378002B33CF /* RedViewController.xib in Resources */,
				A5C5BFA521570159004F2049 /* SegmentConstolViewController.xib in Resources */,
				A5E0CAB9215BC360002B33CF /* YellowViewController.xib in Resources */,
				A5C5BF9021570070004F2049 /* Assets.xcassets in Resources */,
			);
			runOnlyForDeploymentPostprocessing = 0;
		};
/* End PBXResourcesBuildPhase section */

/* Begin PBXSourcesBuildPhase section */
		A5C5BF812157006A004F2049 /* Sources */ = {
			isa = PBXSourcesBuildPhase;
			buildActionMask = 2147483647;
			files = (
				A5E0CAB4215BC33A002B33CF /* GreenViewController.swift in Sources */,
				A5E0CABF215BCBED002B33CF /* PGreenViewModel.swift in Sources */,
				A5E0CAC5215BD882002B33CF /* YellowViewModel.swift in Sources */,
				A5E0CAC7215BDD1A002B33CF /* RedViewModel.swift in Sources */,
				A5C5BFBF215A5C14004F2049 /* SegmentConstolModel.swift in Sources */,
				A5E0CAC3215BCC1A002B33CF /* PRedViewModel.swift in Sources */,
				A5C5BF892157006A004F2049 /* AppDelegate.swift in Sources */,
				A5C5BFAE2157041C004F2049 /* SegmentConstolViewModel.swift in Sources */,
				A5E0CAB8215BC360002B33CF /* YellowViewController.swift in Sources */,
				A5C5BFC1215A8BCA004F2049 /* StyleGuid.swift in Sources */,
				A5E0CABC215BC378002B33CF /* RedViewController.swift in Sources */,
				A5C5BFAC21570337004F2049 /* Router.swift in Sources */,
				A5E0CAC9215BE139002B33CF /* GreenViewModel.swift in Sources */,
				A5C5BFA7215701CA004F2049 /* PSegmentConstolViewModel.swift in Sources */,
				A5C5BFA421570159004F2049 /* SegmentConstolViewController.swift in Sources */,
				A5E0CAC1215BCC05002B33CF /* PYellowViewModel.swift in Sources */,
			);
			runOnlyForDeploymentPostprocessing = 0;
		};
/* End PBXSourcesBuildPhase section */

/* Begin PBXVariantGroup section */
		A5C5BFB8215713B9004F2049 /* LaunchScreen.storyboard */ = {
			isa = PBXVariantGroup;
			children = (
				A5C5BFB7215713B9004F2049 /* en */,
				A5C5BFB9215713CD004F2049 /* ru */,
			);
			name = LaunchScreen.storyboard;
			sourceTree = "<group>";
		};
		A5C5BFBC215713EB004F2049 /* Localizable.strings */ = {
			isa = PBXVariantGroup;
			children = (
				A5C5BFBB215713EB004F2049 /* en */,
				A5C5BFBD215713EF004F2049 /* ru */,
			);
			name = Localizable.strings;
			sourceTree = "<group>";
		};
/* End PBXVariantGroup section */

/* Begin XCBuildConfiguration section */
		A5C5BF9521570070004F2049 /* Debug */ = {
			isa = XCBuildConfiguration;
			buildSettings = {
				ALWAYS_SEARCH_USER_PATHS = NO;
				CLANG_ANALYZER_LOCALIZABILITY_NONLOCALIZED = YES;
				CLANG_ANALYZER_NONNULL = YES;
				CLANG_ANALYZER_NUMBER_OBJECT_CONVERSION = YES_AGGRESSIVE;
				CLANG_CXX_LANGUAGE_STANDARD = "gnu++14";
				CLANG_CXX_LIBRARY = "libc++";
				CLANG_ENABLE_MODULES = YES;
				CLANG_ENABLE_OBJC_ARC = YES;
				CLANG_ENABLE_OBJC_WEAK = YES;
				CLANG_WARN_BLOCK_CAPTURE_AUTORELEASING = YES;
				CLANG_WARN_BOOL_CONVERSION = YES;
				CLANG_WARN_COMMA = YES;
				CLANG_WARN_CONSTANT_CONVERSION = YES;
				CLANG_WARN_DEPRECATED_OBJC_IMPLEMENTATIONS = YES;
				CLANG_WARN_DIRECT_OBJC_ISA_USAGE = YES_ERROR;
				CLANG_WARN_DOCUMENTATION_COMMENTS = YES;
				CLANG_WARN_EMPTY_BODY = YES;
				CLANG_WARN_ENUM_CONVERSION = YES;
				CLANG_WARN_INFINITE_RECURSION = YES;
				CLANG_WARN_INT_CONVERSION = YES;
				CLANG_WARN_NON_LITERAL_NULL_CONVERSION = YES;
				CLANG_WARN_OBJC_IMPLICIT_RETAIN_SELF = YES;
				CLANG_WARN_OBJC_LITERAL_CONVERSION = YES;
				CLANG_WARN_OBJC_ROOT_CLASS = YES_ERROR;
				CLANG_WARN_RANGE_LOOP_ANALYSIS = YES;
				CLANG_WARN_STRICT_PROTOTYPES = YES;
				CLANG_WARN_SUSPICIOUS_MOVE = YES;
				CLANG_WARN_UNGUARDED_AVAILABILITY = YES_AGGRESSIVE;
				CLANG_WARN_UNREACHABLE_CODE = YES;
				CLANG_WARN__DUPLICATE_METHOD_MATCH = YES;
				CODE_SIGN_IDENTITY = "iPhone Developer";
				COPY_PHASE_STRIP = NO;
				DEBUG_INFORMATION_FORMAT = dwarf;
				ENABLE_STRICT_OBJC_MSGSEND = YES;
				ENABLE_TESTABILITY = YES;
				GCC_C_LANGUAGE_STANDARD = gnu11;
				GCC_DYNAMIC_NO_PIC = NO;
				GCC_NO_COMMON_BLOCKS = YES;
				GCC_OPTIMIZATION_LEVEL = 0;
				GCC_PREPROCESSOR_DEFINITIONS = (
					"DEBUG=1",
					"$(inherited)",
				);
				GCC_WARN_64_TO_32_BIT_CONVERSION = YES;
				GCC_WARN_ABOUT_RETURN_TYPE = YES_ERROR;
				GCC_WARN_UNDECLARED_SELECTOR = YES;
				GCC_WARN_UNINITIALIZED_AUTOS = YES_AGGRESSIVE;
				GCC_WARN_UNUSED_FUNCTION = YES;
				GCC_WARN_UNUSED_VARIABLE = YES;
				IPHONEOS_DEPLOYMENT_TARGET = 12.0;
				MTL_ENABLE_DEBUG_INFO = INCLUDE_SOURCE;
				MTL_FAST_MATH = YES;
				ONLY_ACTIVE_ARCH = YES;
				SDKROOT = iphoneos;
				SWIFT_ACTIVE_COMPILATION_CONDITIONS = DEBUG;
				SWIFT_OPTIMIZATION_LEVEL = "-Onone";
			};
			name = Debug;
		};
		A5C5BF9621570070004F2049 /* Release */ = {
			isa = XCBuildConfiguration;
			buildSettings = {
				ALWAYS_SEARCH_USER_PATHS = NO;
				CLANG_ANALYZER_LOCALIZABILITY_NONLOCALIZED = YES;
				CLANG_ANALYZER_NONNULL = YES;
				CLANG_ANALYZER_NUMBER_OBJECT_CONVERSION = YES_AGGRESSIVE;
				CLANG_CXX_LANGUAGE_STANDARD = "gnu++14";
				CLANG_CXX_LIBRARY = "libc++";
				CLANG_ENABLE_MODULES = YES;
				CLANG_ENABLE_OBJC_ARC = YES;
				CLANG_ENABLE_OBJC_WEAK = YES;
				CLANG_WARN_BLOCK_CAPTURE_AUTORELEASING = YES;
				CLANG_WARN_BOOL_CONVERSION = YES;
				CLANG_WARN_COMMA = YES;
				CLANG_WARN_CONSTANT_CONVERSION = YES;
				CLANG_WARN_DEPRECATED_OBJC_IMPLEMENTATIONS = YES;
				CLANG_WARN_DIRECT_OBJC_ISA_USAGE = YES_ERROR;
				CLANG_WARN_DOCUMENTATION_COMMENTS = YES;
				CLANG_WARN_EMPTY_BODY = YES;
				CLANG_WARN_ENUM_CONVERSION = YES;
				CLANG_WARN_INFINITE_RECURSION = YES;
				CLANG_WARN_INT_CONVERSION = YES;
				CLANG_WARN_NON_LITERAL_NULL_CONVERSION = YES;
				CLANG_WARN_OBJC_IMPLICIT_RETAIN_SELF = YES;
				CLANG_WARN_OBJC_LITERAL_CONVERSION = YES;
				CLANG_WARN_OBJC_ROOT_CLASS = YES_ERROR;
				CLANG_WARN_RANGE_LOOP_ANALYSIS = YES;
				CLANG_WARN_STRICT_PROTOTYPES = YES;
				CLANG_WARN_SUSPICIOUS_MOVE = YES;
				CLANG_WARN_UNGUARDED_AVAILABILITY = YES_AGGRESSIVE;
				CLANG_WARN_UNREACHABLE_CODE = YES;
				CLANG_WARN__DUPLICATE_METHOD_MATCH = YES;
				CODE_SIGN_IDENTITY = "iPhone Developer";
				COPY_PHASE_STRIP = NO;
				DEBUG_INFORMATION_FORMAT = "dwarf-with-dsym";
				ENABLE_NS_ASSERTIONS = NO;
				ENABLE_STRICT_OBJC_MSGSEND = YES;
				GCC_C_LANGUAGE_STANDARD = gnu11;
				GCC_NO_COMMON_BLOCKS = YES;
				GCC_WARN_64_TO_32_BIT_CONVERSION = YES;
				GCC_WARN_ABOUT_RETURN_TYPE = YES_ERROR;
				GCC_WARN_UNDECLARED_SELECTOR = YES;
				GCC_WARN_UNINITIALIZED_AUTOS = YES_AGGRESSIVE;
				GCC_WARN_UNUSED_FUNCTION = YES;
				GCC_WARN_UNUSED_VARIABLE = YES;
				IPHONEOS_DEPLOYMENT_TARGET = 12.0;
				MTL_ENABLE_DEBUG_INFO = NO;
				MTL_FAST_MATH = YES;
				SDKROOT = iphoneos;
				SWIFT_COMPILATION_MODE = wholemodule;
				SWIFT_OPTIMIZATION_LEVEL = "-O";
				VALIDATE_PRODUCT = YES;
			};
			name = Release;
		};
		A5C5BF9821570070004F2049 /* Debug */ = {
			isa = XCBuildConfiguration;
			buildSettings = {
				ASSETCATALOG_COMPILER_APPICON_NAME = AppIcon;
				CODE_SIGN_STYLE = Automatic;
				DEVELOPMENT_TEAM = 792NT6QC6D;
				INFOPLIST_FILE = MVVMRExample/Info.plist;
				LD_RUNPATH_SEARCH_PATHS = (
					"$(inherited)",
					"@executable_path/Frameworks",
				);
				PRODUCT_BUNDLE_IDENTIFIER = ExampleForConference.MVVMRExample;
				PRODUCT_NAME = "$(TARGET_NAME)";
				SWIFT_VERSION = 4.2;
				TARGETED_DEVICE_FAMILY = "1,2";
			};
			name = Debug;
		};
		A5C5BF9921570070004F2049 /* Release */ = {
			isa = XCBuildConfiguration;
			buildSettings = {
				ASSETCATALOG_COMPILER_APPICON_NAME = AppIcon;
				CODE_SIGN_STYLE = Automatic;
				DEVELOPMENT_TEAM = 792NT6QC6D;
				INFOPLIST_FILE = MVVMRExample/Info.plist;
				LD_RUNPATH_SEARCH_PATHS = (
					"$(inherited)",
					"@executable_path/Frameworks",
				);
				PRODUCT_BUNDLE_IDENTIFIER = ExampleForConference.MVVMRExample;
				PRODUCT_NAME = "$(TARGET_NAME)";
				SWIFT_VERSION = 4.2;
				TARGETED_DEVICE_FAMILY = "1,2";
			};
			name = Release;
		};
/* End XCBuildConfiguration section */

/* Begin XCConfigurationList section */
		A5C5BF802157006A004F2049 /* Build configuration list for PBXProject "MVVMRExample" */ = {
			isa = XCConfigurationList;
			buildConfigurations = (
				A5C5BF9521570070004F2049 /* Debug */,
				A5C5BF9621570070004F2049 /* Release */,
			);
			defaultConfigurationIsVisible = 0;
			defaultConfigurationName = Release;
		};
		A5C5BF9721570070004F2049 /* Build configuration list for PBXNativeTarget "MVVMRExample" */ = {
			isa = XCConfigurationList;
			buildConfigurations = (
				A5C5BF9821570070004F2049 /* Debug */,
				A5C5BF9921570070004F2049 /* Release */,
			);
			defaultConfigurationIsVisible = 0;
			defaultConfigurationName = Release;
		};
/* End XCConfigurationList section */
	};
	rootObject = A5C5BF7D2157006A004F2049 /* Project object */;
}
